// !$*UTF8*$!
{
	archiveVersion = 1;
	classes = {
	};
	objectVersion = 56;
	objects = {

/* Begin PBXBuildFile section */
		9B04480D28FB3DA300FD7891 /* NoveeApp.swift in Sources */ = {isa = PBXBuildFile; fileRef = 9B04480C28FB3DA300FD7891 /* NoveeApp.swift */; };
		9B04480F28FB3DA300FD7891 /* ContentView.swift in Sources */ = {isa = PBXBuildFile; fileRef = 9B04480E28FB3DA300FD7891 /* ContentView.swift */; };
		9B04481128FB3DA400FD7891 /* Assets.xcassets in Resources */ = {isa = PBXBuildFile; fileRef = 9B04481028FB3DA400FD7891 /* Assets.xcassets */; };
		9B04481428FB3DA400FD7891 /* Preview Assets.xcassets in Resources */ = {isa = PBXBuildFile; fileRef = 9B04481328FB3DA400FD7891 /* Preview Assets.xcassets */; };
		9B71CC4D2947AE170014B265 /* CachedAsyncImage in Frameworks */ = {isa = PBXBuildFile; productRef = 9B71CC4C2947AE170014B265 /* CachedAsyncImage */; };
		9B78B57E28FBCE5900E1A837 /* HomeView.swift in Sources */ = {isa = PBXBuildFile; fileRef = 9B78B57D28FBCE5900E1A837 /* HomeView.swift */; };
		9B78B58028FBCE6300E1A837 /* AnimeMenuView.swift in Sources */ = {isa = PBXBuildFile; fileRef = 9B78B57F28FBCE6300E1A837 /* AnimeMenuView.swift */; };
		9B78B58228FBCE6A00E1A837 /* MangaMenuView.swift in Sources */ = {isa = PBXBuildFile; fileRef = 9B78B58128FBCE6A00E1A837 /* MangaMenuView.swift */; };
		9B78B58428FBCE7000E1A837 /* NovelMenuView.swift in Sources */ = {isa = PBXBuildFile; fileRef = 9B78B58328FBCE7000E1A837 /* NovelMenuView.swift */; };
		9B78B58628FBCE7800E1A837 /* SettingsView.swift in Sources */ = {isa = PBXBuildFile; fileRef = 9B78B58528FBCE7800E1A837 /* SettingsView.swift */; };
		9B78B58A28FC68EF00E1A837 /* MangadexManga.swift in Sources */ = {isa = PBXBuildFile; fileRef = 9B78B58928FC68EF00E1A837 /* MangadexManga.swift */; };
		9B8A126029096712006C1922 /* MangaReaderView.swift in Sources */ = {isa = PBXBuildFile; fileRef = 9B8A125F29096712006C1922 /* MangaReaderView.swift */; };
		9B8B70CC28FD8E8F008738D5 /* Log.swift in Sources */ = {isa = PBXBuildFile; fileRef = 9B8B70CB28FD8E8F008738D5 /* Log.swift */; };
		9B8B70CE28FD8EDF008738D5 /* MangaVM.swift in Sources */ = {isa = PBXBuildFile; fileRef = 9B8B70CD28FD8EDF008738D5 /* MangaVM.swift */; };
		9BA53E8F2901E6CD00C6BDDF /* MangaDetailsView.swift in Sources */ = {isa = PBXBuildFile; fileRef = 9BA53E8E2901E6CD00C6BDDF /* MangaDetailsView.swift */; };
		9BC208042912C91D00A1845E /* MangaSettingsView.swift in Sources */ = {isa = PBXBuildFile; fileRef = 9BC208032912C91D00A1845E /* MangaSettingsView.swift */; };
		9BEF80C729034D8500662F8C /* Settings.swift in Sources */ = {isa = PBXBuildFile; fileRef = 9BEF80C629034D8500662F8C /* Settings.swift */; };
		9BEF80C92903524A00662F8C /* SettingsVM.swift in Sources */ = {isa = PBXBuildFile; fileRef = 9BEF80C82903524A00662F8C /* SettingsVM.swift */; };
/* End PBXBuildFile section */

/* Begin PBXFileReference section */
		9B04480928FB3DA300FD7891 /* Novee.app */ = {isa = PBXFileReference; explicitFileType = wrapper.application; includeInIndex = 0; path = Novee.app; sourceTree = BUILT_PRODUCTS_DIR; };
		9B04480C28FB3DA300FD7891 /* NoveeApp.swift */ = {isa = PBXFileReference; lastKnownFileType = sourcecode.swift; path = NoveeApp.swift; sourceTree = "<group>"; };
		9B04480E28FB3DA300FD7891 /* ContentView.swift */ = {isa = PBXFileReference; lastKnownFileType = sourcecode.swift; path = ContentView.swift; sourceTree = "<group>"; };
		9B04481028FB3DA400FD7891 /* Assets.xcassets */ = {isa = PBXFileReference; lastKnownFileType = folder.assetcatalog; path = Assets.xcassets; sourceTree = "<group>"; };
		9B04481328FB3DA400FD7891 /* Preview Assets.xcassets */ = {isa = PBXFileReference; lastKnownFileType = folder.assetcatalog; path = "Preview Assets.xcassets"; sourceTree = "<group>"; };
		9B04481528FB3DA400FD7891 /* Novee.entitlements */ = {isa = PBXFileReference; lastKnownFileType = text.plist.entitlements; path = Novee.entitlements; sourceTree = "<group>"; };
		9B78B57D28FBCE5900E1A837 /* HomeView.swift */ = {isa = PBXFileReference; lastKnownFileType = sourcecode.swift; path = HomeView.swift; sourceTree = "<group>"; };
		9B78B57F28FBCE6300E1A837 /* AnimeMenuView.swift */ = {isa = PBXFileReference; lastKnownFileType = sourcecode.swift; path = AnimeMenuView.swift; sourceTree = "<group>"; };
		9B78B58128FBCE6A00E1A837 /* MangaMenuView.swift */ = {isa = PBXFileReference; lastKnownFileType = sourcecode.swift; path = MangaMenuView.swift; sourceTree = "<group>"; };
		9B78B58328FBCE7000E1A837 /* NovelMenuView.swift */ = {isa = PBXFileReference; lastKnownFileType = sourcecode.swift; path = NovelMenuView.swift; sourceTree = "<group>"; };
		9B78B58528FBCE7800E1A837 /* SettingsView.swift */ = {isa = PBXFileReference; lastKnownFileType = sourcecode.swift; path = SettingsView.swift; sourceTree = "<group>"; };
		9B78B58928FC68EF00E1A837 /* MangadexManga.swift */ = {isa = PBXFileReference; lastKnownFileType = sourcecode.swift; path = MangadexManga.swift; sourceTree = "<group>"; };
		9B8A125F29096712006C1922 /* MangaReaderView.swift */ = {isa = PBXFileReference; lastKnownFileType = sourcecode.swift; path = MangaReaderView.swift; sourceTree = "<group>"; };
		9B8B70CB28FD8E8F008738D5 /* Log.swift */ = {isa = PBXFileReference; lastKnownFileType = sourcecode.swift; path = Log.swift; sourceTree = "<group>"; };
		9B8B70CD28FD8EDF008738D5 /* MangaVM.swift */ = {isa = PBXFileReference; lastKnownFileType = sourcecode.swift; path = MangaVM.swift; sourceTree = "<group>"; };
		9BA53E8E2901E6CD00C6BDDF /* MangaDetailsView.swift */ = {isa = PBXFileReference; lastKnownFileType = sourcecode.swift; path = MangaDetailsView.swift; sourceTree = "<group>"; };
		9BAED6F0290AD23F00AF0CF4 /* Info.plist */ = {isa = PBXFileReference; lastKnownFileType = text.plist; path = Info.plist; sourceTree = "<group>"; };
		9BC208032912C91D00A1845E /* MangaSettingsView.swift */ = {isa = PBXFileReference; lastKnownFileType = sourcecode.swift; path = MangaSettingsView.swift; sourceTree = "<group>"; };
		9BEF80C629034D8500662F8C /* Settings.swift */ = {isa = PBXFileReference; lastKnownFileType = sourcecode.swift; path = Settings.swift; sourceTree = "<group>"; };
		9BEF80C82903524A00662F8C /* SettingsVM.swift */ = {isa = PBXFileReference; lastKnownFileType = sourcecode.swift; path = SettingsVM.swift; sourceTree = "<group>"; };
/* End PBXFileReference section */

/* Begin PBXFrameworksBuildPhase section */
		9B04480628FB3DA300FD7891 /* Frameworks */ = {
			isa = PBXFrameworksBuildPhase;
			buildActionMask = 2147483647;
			files = (
				9B71CC4D2947AE170014B265 /* CachedAsyncImage in Frameworks */,
			);
			runOnlyForDeploymentPostprocessing = 0;
		};
/* End PBXFrameworksBuildPhase section */

/* Begin PBXGroup section */
		9B04480028FB3DA300FD7891 = {
			isa = PBXGroup;
			children = (
				9B04480B28FB3DA300FD7891 /* Novee */,
				9B04480A28FB3DA300FD7891 /* Products */,
			);
			sourceTree = "<group>";
		};
		9B04480A28FB3DA300FD7891 /* Products */ = {
			isa = PBXGroup;
			children = (
				9B04480928FB3DA300FD7891 /* Novee.app */,
			);
			name = Products;
			sourceTree = "<group>";
		};
		9B04480B28FB3DA300FD7891 /* Novee */ = {
			isa = PBXGroup;
			children = (
				9BAED6F0290AD23F00AF0CF4 /* Info.plist */,
				9B04480C28FB3DA300FD7891 /* NoveeApp.swift */,
				9B78B58728FC503100E1A837 /* Model */,
				9B78B58828FC503A00E1A837 /* ViewModel */,
				9B78B57C28FBCE1F00E1A837 /* Views */,
				9B71CC4E2947C4410014B265 /* Sources */,
				9B04481028FB3DA400FD7891 /* Assets.xcassets */,
				9B04481528FB3DA400FD7891 /* Novee.entitlements */,
				9B04481228FB3DA400FD7891 /* Preview Content */,
			);
			path = Novee;
			sourceTree = "<group>";
		};
		9B04481228FB3DA400FD7891 /* Preview Content */ = {
			isa = PBXGroup;
			children = (
				9B04481328FB3DA400FD7891 /* Preview Assets.xcassets */,
			);
			path = "Preview Content";
			sourceTree = "<group>";
		};
		9B71CC4E2947C4410014B265 /* Sources */ = {
			isa = PBXGroup;
			children = (
			);
			path = Sources;
			sourceTree = "<group>";
		};
		9B78B57C28FBCE1F00E1A837 /* Views */ = {
			isa = PBXGroup;
			children = (
				9B04480E28FB3DA300FD7891 /* ContentView.swift */,
				9B78B57D28FBCE5900E1A837 /* HomeView.swift */,
				9B78B57F28FBCE6300E1A837 /* AnimeMenuView.swift */,
				9B9F2068290E1F6E0083CE61 /* Manga */,
				9B78B58328FBCE7000E1A837 /* NovelMenuView.swift */,
				9BC208022912C90A00A1845E /* Settings */,
			);
			path = Views;
			sourceTree = "<group>";
		};
		9B78B58728FC503100E1A837 /* Model */ = {
			isa = PBXGroup;
			children = (
				9B78B58928FC68EF00E1A837 /* MangadexManga.swift */,
				9BEF80C629034D8500662F8C /* Settings.swift */,
			);
			path = Model;
			sourceTree = "<group>";
		};
		9B78B58828FC503A00E1A837 /* ViewModel */ = {
			isa = PBXGroup;
			children = (
				9B8B70CB28FD8E8F008738D5 /* Log.swift */,
				9B8B70CD28FD8EDF008738D5 /* MangaVM.swift */,
				9BEF80C82903524A00662F8C /* SettingsVM.swift */,
			);
			path = ViewModel;
			sourceTree = "<group>";
		};
		9B9F2068290E1F6E0083CE61 /* Manga */ = {
			isa = PBXGroup;
			children = (
				9B78B58128FBCE6A00E1A837 /* MangaMenuView.swift */,
				9BA53E8E2901E6CD00C6BDDF /* MangaDetailsView.swift */,
				9B8A125F29096712006C1922 /* MangaReaderView.swift */,
			);
			path = Manga;
			sourceTree = "<group>";
		};
		9BC208022912C90A00A1845E /* Settings */ = {
			isa = PBXGroup;
			children = (
				9B78B58528FBCE7800E1A837 /* SettingsView.swift */,
				9BC208032912C91D00A1845E /* MangaSettingsView.swift */,
			);
			path = Settings;
			sourceTree = "<group>";
		};
/* End PBXGroup section */

/* Begin PBXNativeTarget section */
		9B04480828FB3DA300FD7891 /* Novee */ = {
			isa = PBXNativeTarget;
			buildConfigurationList = 9B04481828FB3DA400FD7891 /* Build configuration list for PBXNativeTarget "Novee" */;
			buildPhases = (
				9B04480528FB3DA300FD7891 /* Sources */,
				9B04480628FB3DA300FD7891 /* Frameworks */,
				9B04480728FB3DA300FD7891 /* Resources */,
			);
			buildRules = (
			);
			dependencies = (
			);
			name = Novee;
			packageProductDependencies = (
				9B71CC4C2947AE170014B265 /* CachedAsyncImage */,
			);
			productName = Novee;
			productReference = 9B04480928FB3DA300FD7891 /* Novee.app */;
			productType = "com.apple.product-type.application";
		};
/* End PBXNativeTarget section */

/* Begin PBXProject section */
		9B04480128FB3DA300FD7891 /* Project object */ = {
			isa = PBXProject;
			attributes = {
				BuildIndependentTargetsInParallel = 1;
				LastSwiftUpdateCheck = 1400;
				LastUpgradeCheck = 1410;
				TargetAttributes = {
					9B04480828FB3DA300FD7891 = {
						CreatedOnToolsVersion = 14.0;
					};
				};
			};
			buildConfigurationList = 9B04480428FB3DA300FD7891 /* Build configuration list for PBXProject "Novee" */;
			compatibilityVersion = "Xcode 14.0";
			developmentRegion = en;
			hasScannedForEncodings = 0;
			knownRegions = (
				en,
				Base,
			);
			mainGroup = 9B04480028FB3DA300FD7891;
			packageReferences = (
				9B71CC4B2947AE170014B265 /* XCRemoteSwiftPackageReference "swiftui-cached-async-image" */,
			);
			productRefGroup = 9B04480A28FB3DA300FD7891 /* Products */;
			projectDirPath = "";
			projectRoot = "";
			targets = (
				9B04480828FB3DA300FD7891 /* Novee */,
			);
		};
/* End PBXProject section */

/* Begin PBXResourcesBuildPhase section */
		9B04480728FB3DA300FD7891 /* Resources */ = {
			isa = PBXResourcesBuildPhase;
			buildActionMask = 2147483647;
			files = (
				9B04481428FB3DA400FD7891 /* Preview Assets.xcassets in Resources */,
				9B04481128FB3DA400FD7891 /* Assets.xcassets in Resources */,
			);
			runOnlyForDeploymentPostprocessing = 0;
		};
/* End PBXResourcesBuildPhase section */

/* Begin PBXSourcesBuildPhase section */
		9B04480528FB3DA300FD7891 /* Sources */ = {
			isa = PBXSourcesBuildPhase;
			buildActionMask = 2147483647;
			files = (
				9B78B58628FBCE7800E1A837 /* SettingsView.swift in Sources */,
				9B8B70CE28FD8EDF008738D5 /* MangaVM.swift in Sources */,
				9BA53E8F2901E6CD00C6BDDF /* MangaDetailsView.swift in Sources */,
				9BC208042912C91D00A1845E /* MangaSettingsView.swift in Sources */,
				9B78B58028FBCE6300E1A837 /* AnimeMenuView.swift in Sources */,
				9B8B70CC28FD8E8F008738D5 /* Log.swift in Sources */,
				9B78B58A28FC68EF00E1A837 /* MangadexManga.swift in Sources */,
				9BEF80C729034D8500662F8C /* Settings.swift in Sources */,
				9B78B57E28FBCE5900E1A837 /* HomeView.swift in Sources */,
				9B8A126029096712006C1922 /* MangaReaderView.swift in Sources */,
				9B04480F28FB3DA300FD7891 /* ContentView.swift in Sources */,
				9B04480D28FB3DA300FD7891 /* NoveeApp.swift in Sources */,
				9B78B58428FBCE7000E1A837 /* NovelMenuView.swift in Sources */,
				9BEF80C92903524A00662F8C /* SettingsVM.swift in Sources */,
				9B78B58228FBCE6A00E1A837 /* MangaMenuView.swift in Sources */,
			);
			runOnlyForDeploymentPostprocessing = 0;
		};
/* End PBXSourcesBuildPhase section */

/* Begin XCBuildConfiguration section */
		9B04481628FB3DA400FD7891 /* Debug */ = {
			isa = XCBuildConfiguration;
			buildSettings = {
				ALWAYS_SEARCH_USER_PATHS = NO;
				CLANG_ANALYZER_NONNULL = YES;
				CLANG_ANALYZER_NUMBER_OBJECT_CONVERSION = YES_AGGRESSIVE;
				CLANG_CXX_LANGUAGE_STANDARD = "gnu++20";
				CLANG_ENABLE_MODULES = YES;
				CLANG_ENABLE_OBJC_ARC = YES;
				CLANG_ENABLE_OBJC_WEAK = YES;
				CLANG_WARN_BLOCK_CAPTURE_AUTORELEASING = YES;
				CLANG_WARN_BOOL_CONVERSION = YES;
				CLANG_WARN_COMMA = YES;
				CLANG_WARN_CONSTANT_CONVERSION = YES;
				CLANG_WARN_DEPRECATED_OBJC_IMPLEMENTATIONS = YES;
				CLANG_WARN_DIRECT_OBJC_ISA_USAGE = YES_ERROR;
				CLANG_WARN_DOCUMENTATION_COMMENTS = YES;
				CLANG_WARN_EMPTY_BODY = YES;
				CLANG_WARN_ENUM_CONVERSION = YES;
				CLANG_WARN_INFINITE_RECURSION = YES;
				CLANG_WARN_INT_CONVERSION = YES;
				CLANG_WARN_NON_LITERAL_NULL_CONVERSION = YES;
				CLANG_WARN_OBJC_IMPLICIT_RETAIN_SELF = YES;
				CLANG_WARN_OBJC_LITERAL_CONVERSION = YES;
				CLANG_WARN_OBJC_ROOT_CLASS = YES_ERROR;
				CLANG_WARN_QUOTED_INCLUDE_IN_FRAMEWORK_HEADER = YES;
				CLANG_WARN_RANGE_LOOP_ANALYSIS = YES;
				CLANG_WARN_STRICT_PROTOTYPES = YES;
				CLANG_WARN_SUSPICIOUS_MOVE = YES;
				CLANG_WARN_UNGUARDED_AVAILABILITY = YES_AGGRESSIVE;
				CLANG_WARN_UNREACHABLE_CODE = YES;
				CLANG_WARN__DUPLICATE_METHOD_MATCH = YES;
				COPY_PHASE_STRIP = NO;
				DEAD_CODE_STRIPPING = YES;
				DEBUG_INFORMATION_FORMAT = dwarf;
				ENABLE_STRICT_OBJC_MSGSEND = YES;
				ENABLE_TESTABILITY = YES;
				GCC_C_LANGUAGE_STANDARD = gnu11;
				GCC_DYNAMIC_NO_PIC = NO;
				GCC_NO_COMMON_BLOCKS = YES;
				GCC_OPTIMIZATION_LEVEL = 0;
				GCC_PREPROCESSOR_DEFINITIONS = (
					"DEBUG=1",
					"$(inherited)",
				);
				GCC_WARN_64_TO_32_BIT_CONVERSION = YES;
				GCC_WARN_ABOUT_RETURN_TYPE = YES_ERROR;
				GCC_WARN_UNDECLARED_SELECTOR = YES;
				GCC_WARN_UNINITIALIZED_AUTOS = YES_AGGRESSIVE;
				GCC_WARN_UNUSED_FUNCTION = YES;
				GCC_WARN_UNUSED_VARIABLE = YES;
				MACOSX_DEPLOYMENT_TARGET = 12.3;
				MTL_ENABLE_DEBUG_INFO = INCLUDE_SOURCE;
				MTL_FAST_MATH = YES;
				ONLY_ACTIVE_ARCH = YES;
				SDKROOT = macosx;
				SWIFT_ACTIVE_COMPILATION_CONDITIONS = DEBUG;
				SWIFT_OPTIMIZATION_LEVEL = "-Onone";
			};
			name = Debug;
		};
		9B04481728FB3DA400FD7891 /* Release */ = {
			isa = XCBuildConfiguration;
			buildSettings = {
				ALWAYS_SEARCH_USER_PATHS = NO;
				CLANG_ANALYZER_NONNULL = YES;
				CLANG_ANALYZER_NUMBER_OBJECT_CONVERSION = YES_AGGRESSIVE;
				CLANG_CXX_LANGUAGE_STANDARD = "gnu++20";
				CLANG_ENABLE_MODULES = YES;
				CLANG_ENABLE_OBJC_ARC = YES;
				CLANG_ENABLE_OBJC_WEAK = YES;
				CLANG_WARN_BLOCK_CAPTURE_AUTORELEASING = YES;
				CLANG_WARN_BOOL_CONVERSION = YES;
				CLANG_WARN_COMMA = YES;
				CLANG_WARN_CONSTANT_CONVERSION = YES;
				CLANG_WARN_DEPRECATED_OBJC_IMPLEMENTATIONS = YES;
				CLANG_WARN_DIRECT_OBJC_ISA_USAGE = YES_ERROR;
				CLANG_WARN_DOCUMENTATION_COMMENTS = YES;
				CLANG_WARN_EMPTY_BODY = YES;
				CLANG_WARN_ENUM_CONVERSION = YES;
				CLANG_WARN_INFINITE_RECURSION = YES;
				CLANG_WARN_INT_CONVERSION = YES;
				CLANG_WARN_NON_LITERAL_NULL_CONVERSION = YES;
				CLANG_WARN_OBJC_IMPLICIT_RETAIN_SELF = YES;
				CLANG_WARN_OBJC_LITERAL_CONVERSION = YES;
				CLANG_WARN_OBJC_ROOT_CLASS = YES_ERROR;
				CLANG_WARN_QUOTED_INCLUDE_IN_FRAMEWORK_HEADER = YES;
				CLANG_WARN_RANGE_LOOP_ANALYSIS = YES;
				CLANG_WARN_STRICT_PROTOTYPES = YES;
				CLANG_WARN_SUSPICIOUS_MOVE = YES;
				CLANG_WARN_UNGUARDED_AVAILABILITY = YES_AGGRESSIVE;
				CLANG_WARN_UNREACHABLE_CODE = YES;
				CLANG_WARN__DUPLICATE_METHOD_MATCH = YES;
				COPY_PHASE_STRIP = NO;
				DEAD_CODE_STRIPPING = YES;
				DEBUG_INFORMATION_FORMAT = "dwarf-with-dsym";
				ENABLE_NS_ASSERTIONS = NO;
				ENABLE_STRICT_OBJC_MSGSEND = YES;
				GCC_C_LANGUAGE_STANDARD = gnu11;
				GCC_NO_COMMON_BLOCKS = YES;
				GCC_WARN_64_TO_32_BIT_CONVERSION = YES;
				GCC_WARN_ABOUT_RETURN_TYPE = YES_ERROR;
				GCC_WARN_UNDECLARED_SELECTOR = YES;
				GCC_WARN_UNINITIALIZED_AUTOS = YES_AGGRESSIVE;
				GCC_WARN_UNUSED_FUNCTION = YES;
				GCC_WARN_UNUSED_VARIABLE = YES;
				MACOSX_DEPLOYMENT_TARGET = 12.3;
				MTL_ENABLE_DEBUG_INFO = NO;
				MTL_FAST_MATH = YES;
				SDKROOT = macosx;
				SWIFT_COMPILATION_MODE = wholemodule;
				SWIFT_OPTIMIZATION_LEVEL = "-O";
			};
			name = Release;
		};
		9B04481928FB3DA400FD7891 /* Debug */ = {
			isa = XCBuildConfiguration;
			buildSettings = {
				ASSETCATALOG_COMPILER_APPICON_NAME = AppIcon;
				ASSETCATALOG_COMPILER_GLOBAL_ACCENT_COLOR_NAME = AccentColor;
				CODE_SIGN_ENTITLEMENTS = Novee/Novee.entitlements;
				CODE_SIGN_IDENTITY = "-";
				CODE_SIGN_STYLE = Automatic;
				COMBINE_HIDPI_IMAGES = YES;
				CURRENT_PROJECT_VERSION = 1;
				DEAD_CODE_STRIPPING = YES;
				DEVELOPMENT_ASSET_PATHS = "\"Novee/Preview Content\"";
				ENABLE_HARDENED_RUNTIME = YES;
				ENABLE_PREVIEWS = YES;
				GENERATE_INFOPLIST_FILE = YES;
				INFOPLIST_FILE = Novee/Info.plist;
				INFOPLIST_KEY_NSHumanReadableCopyright = "";
				LD_RUNPATH_SEARCH_PATHS = (
					"$(inherited)",
					"@executable_path/../Frameworks",
				);
				MARKETING_VERSION = 1.0;
				PRODUCT_BUNDLE_IDENTIFIER = me.zhichgaming.Novee;
				PRODUCT_NAME = "$(TARGET_NAME)";
				SWIFT_EMIT_LOC_STRINGS = YES;
				SWIFT_VERSION = 5.0;
			};
			name = Debug;
		};
		9B04481A28FB3DA400FD7891 /* Release */ = {
			isa = XCBuildConfiguration;
			buildSettings = {
				ASSETCATALOG_COMPILER_APPICON_NAME = AppIcon;
				ASSETCATALOG_COMPILER_GLOBAL_ACCENT_COLOR_NAME = AccentColor;
				CODE_SIGN_ENTITLEMENTS = Novee/Novee.entitlements;
				CODE_SIGN_IDENTITY = "-";
				CODE_SIGN_STYLE = Automatic;
				COMBINE_HIDPI_IMAGES = YES;
				CURRENT_PROJECT_VERSION = 1;
				DEAD_CODE_STRIPPING = YES;
				DEVELOPMENT_ASSET_PATHS = "\"Novee/Preview Content\"";
				ENABLE_HARDENED_RUNTIME = YES;
				ENABLE_PREVIEWS = YES;
				GENERATE_INFOPLIST_FILE = YES;
				INFOPLIST_FILE = Novee/Info.plist;
				INFOPLIST_KEY_NSHumanReadableCopyright = "";
				LD_RUNPATH_SEARCH_PATHS = (
					"$(inherited)",
					"@executable_path/../Frameworks",
				);
				MARKETING_VERSION = 1.0;
				PRODUCT_BUNDLE_IDENTIFIER = me.zhichgaming.Novee;
				PRODUCT_NAME = "$(TARGET_NAME)";
				SWIFT_EMIT_LOC_STRINGS = YES;
				SWIFT_VERSION = 5.0;
			};
			name = Release;
		};
/* End XCBuildConfiguration section */

/* Begin XCConfigurationList section */
		9B04480428FB3DA300FD7891 /* Build configuration list for PBXProject "Novee" */ = {
			isa = XCConfigurationList;
			buildConfigurations = (
				9B04481628FB3DA400FD7891 /* Debug */,
				9B04481728FB3DA400FD7891 /* Release */,
			);
			defaultConfigurationIsVisible = 0;
			defaultConfigurationName = Release;
		};
		9B04481828FB3DA400FD7891 /* Build configuration list for PBXNativeTarget "Novee" */ = {
			isa = XCConfigurationList;
			buildConfigurations = (
				9B04481928FB3DA400FD7891 /* Debug */,
				9B04481A28FB3DA400FD7891 /* Release */,
			);
			defaultConfigurationIsVisible = 0;
			defaultConfigurationName = Release;
		};
/* End XCConfigurationList section */

/* Begin XCRemoteSwiftPackageReference section */
		9B71CC4B2947AE170014B265 /* XCRemoteSwiftPackageReference "swiftui-cached-async-image" */ = {
			isa = XCRemoteSwiftPackageReference;
			repositoryURL = "https://github.com/lorenzofiamingo/swiftui-cached-async-image";
			requirement = {
				kind = upToNextMajorVersion;
				minimumVersion = 2.0.0;
			};
		};
/* End XCRemoteSwiftPackageReference section */

/* Begin XCSwiftPackageProductDependency section */
		9B71CC4C2947AE170014B265 /* CachedAsyncImage */ = {
			isa = XCSwiftPackageProductDependency;
			package = 9B71CC4B2947AE170014B265 /* XCRemoteSwiftPackageReference "swiftui-cached-async-image" */;
			productName = CachedAsyncImage;
		};
/* End XCSwiftPackageProductDependency section */
	};
	rootObject = 9B04480128FB3DA300FD7891 /* Project object */;
}
